// !$*UTF8*$!
{
	archiveVersion = 1;
	classes = {
	};
	objectVersion = 56;
	objects = {

/* Begin PBXBuildFile section */
		045336C72A00635F0058EEB5 /* AppDelegate.swift in Sources */ = {isa = PBXBuildFile; fileRef = 045336C62A00635F0058EEB5 /* AppDelegate.swift */; };
		045336C92A00635F0058EEB5 /* SceneDelegate.swift in Sources */ = {isa = PBXBuildFile; fileRef = 045336C82A00635F0058EEB5 /* SceneDelegate.swift */; };
		045336CB2A00635F0058EEB5 /* ViewController.swift in Sources */ = {isa = PBXBuildFile; fileRef = 045336CA2A00635F0058EEB5 /* ViewController.swift */; };
		045336D02A0063630058EEB5 /* Assets.xcassets in Resources */ = {isa = PBXBuildFile; fileRef = 045336CF2A0063630058EEB5 /* Assets.xcassets */; };
		045336D32A0063630058EEB5 /* LaunchScreen.storyboard in Resources */ = {isa = PBXBuildFile; fileRef = 045336D12A0063630058EEB5 /* LaunchScreen.storyboard */; };
		045336DE2A0063630058EEB5 /* homeworksamataTests.swift in Sources */ = {isa = PBXBuildFile; fileRef = 045336DD2A0063630058EEB5 /* homeworksamataTests.swift */; };
		045336E82A0063630058EEB5 /* homeworksamataUITests.swift in Sources */ = {isa = PBXBuildFile; fileRef = 045336E72A0063630058EEB5 /* homeworksamataUITests.swift */; };
		045336EA2A0063630058EEB5 /* homeworksamataUITestsLaunchTests.swift in Sources */ = {isa = PBXBuildFile; fileRef = 045336E92A0063630058EEB5 /* homeworksamataUITestsLaunchTests.swift */; };
		045336F72A0146390058EEB5 /* 2view.swift in Sources */ = {isa = PBXBuildFile; fileRef = 045336F62A0146390058EEB5 /* 2view.swift */; };
		045336FB2A0198F40058EEB5 /* ViewController3.swift in Sources */ = {isa = PBXBuildFile; fileRef = 045336FA2A0198F40058EEB5 /* ViewController3.swift */; };
		424220CCDF8E79977C9919E5 /* Pods_homeworksamataTests.framework in Frameworks */ = {isa = PBXBuildFile; fileRef = 0DC5C9C74AE15984A8C30D1F /* Pods_homeworksamataTests.framework */; };
		AF8705490C84E139FC867C00 /* Pods_homeworksamata_homeworksamataUITests.framework in Frameworks */ = {isa = PBXBuildFile; fileRef = A3F5AE68C575936159E33F48 /* Pods_homeworksamata_homeworksamataUITests.framework */; };
		CA9262D2AB6A990E281F7D2B /* Pods_homeworksamata.framework in Frameworks */ = {isa = PBXBuildFile; fileRef = 2CECF96962F79D8316B09EE4 /* Pods_homeworksamata.framework */; };
/* End PBXBuildFile section */

/* Begin PBXContainerItemProxy section */
		045336DA2A0063630058EEB5 /* PBXContainerItemProxy */ = {
			isa = PBXContainerItemProxy;
			containerPortal = 045336BB2A00635F0058EEB5 /* Project object */;
			proxyType = 1;
			remoteGlobalIDString = 045336C22A00635F0058EEB5;
			remoteInfo = homeworksamata;
		};
		045336E42A0063630058EEB5 /* PBXContainerItemProxy */ = {
			isa = PBXContainerItemProxy;
			containerPortal = 045336BB2A00635F0058EEB5 /* Project object */;
			proxyType = 1;
			remoteGlobalIDString = 045336C22A00635F0058EEB5;
			remoteInfo = homeworksamata;
		};
/* End PBXContainerItemProxy section */

/* Begin PBXFileReference section */
		045336C32A00635F0058EEB5 /* homeworksamata.app */ = {isa = PBXFileReference; explicitFileType = wrapper.application; includeInIndex = 0; path = homeworksamata.app; sourceTree = BUILT_PRODUCTS_DIR; };
		045336C62A00635F0058EEB5 /* AppDelegate.swift */ = {isa = PBXFileReference; lastKnownFileType = sourcecode.swift; path = AppDelegate.swift; sourceTree = "<group>"; };
		045336C82A00635F0058EEB5 /* SceneDelegate.swift */ = {isa = PBXFileReference; lastKnownFileType = sourcecode.swift; path = SceneDelegate.swift; sourceTree = "<group>"; };
		045336CA2A00635F0058EEB5 /* ViewController.swift */ = {isa = PBXFileReference; lastKnownFileType = sourcecode.swift; path = ViewController.swift; sourceTree = "<group>"; };
		045336CF2A0063630058EEB5 /* Assets.xcassets */ = {isa = PBXFileReference; lastKnownFileType = folder.assetcatalog; path = Assets.xcassets; sourceTree = "<group>"; };
		045336D22A0063630058EEB5 /* Base */ = {isa = PBXFileReference; lastKnownFileType = file.storyboard; name = Base; path = Base.lproj/LaunchScreen.storyboard; sourceTree = "<group>"; };
		045336D42A0063630058EEB5 /* Info.plist */ = {isa = PBXFileReference; lastKnownFileType = text.plist.xml; path = Info.plist; sourceTree = "<group>"; };
		045336D92A0063630058EEB5 /* homeworksamataTests.xctest */ = {isa = PBXFileReference; explicitFileType = wrapper.cfbundle; includeInIndex = 0; path = homeworksamataTests.xctest; sourceTree = BUILT_PRODUCTS_DIR; };
		045336DD2A0063630058EEB5 /* homeworksamataTests.swift */ = {isa = PBXFileReference; lastKnownFileType = sourcecode.swift; path = homeworksamataTests.swift; sourceTree = "<group>"; };
		045336E32A0063630058EEB5 /* homeworksamataUITests.xctest */ = {isa = PBXFileReference; explicitFileType = wrapper.cfbundle; includeInIndex = 0; path = homeworksamataUITests.xctest; sourceTree = BUILT_PRODUCTS_DIR; };
		045336E72A0063630058EEB5 /* homeworksamataUITests.swift */ = {isa = PBXFileReference; lastKnownFileType = sourcecode.swift; path = homeworksamataUITests.swift; sourceTree = "<group>"; };
		045336E92A0063630058EEB5 /* homeworksamataUITestsLaunchTests.swift */ = {isa = PBXFileReference; lastKnownFileType = sourcecode.swift; path = homeworksamataUITestsLaunchTests.swift; sourceTree = "<group>"; };
		045336F62A0146390058EEB5 /* 2view.swift */ = {isa = PBXFileReference; lastKnownFileType = sourcecode.swift; path = 2view.swift; sourceTree = "<group>"; };
		045336FA2A0198F40058EEB5 /* ViewController3.swift */ = {isa = PBXFileReference; lastKnownFileType = sourcecode.swift; path = ViewController3.swift; sourceTree = "<group>"; };
		0DC5C9C74AE15984A8C30D1F /* Pods_homeworksamataTests.framework */ = {isa = PBXFileReference; explicitFileType = wrapper.framework; includeInIndex = 0; path = Pods_homeworksamataTests.framework; sourceTree = BUILT_PRODUCTS_DIR; };
		2CECF96962F79D8316B09EE4 /* Pods_homeworksamata.framework */ = {isa = PBXFileReference; explicitFileType = wrapper.framework; includeInIndex = 0; path = Pods_homeworksamata.framework; sourceTree = BUILT_PRODUCTS_DIR; };
		493842C222E5349A042F6462 /* Pods-homeworksamataTests.release.xcconfig */ = {isa = PBXFileReference; includeInIndex = 1; lastKnownFileType = text.xcconfig; name = "Pods-homeworksamataTests.release.xcconfig"; path = "Target Support Files/Pods-homeworksamataTests/Pods-homeworksamataTests.release.xcconfig"; sourceTree = "<group>"; };
		4F38648390B578167636CCBB /* Pods-homeworksamata.debug.xcconfig */ = {isa = PBXFileReference; includeInIndex = 1; lastKnownFileType = text.xcconfig; name = "Pods-homeworksamata.debug.xcconfig"; path = "Target Support Files/Pods-homeworksamata/Pods-homeworksamata.debug.xcconfig"; sourceTree = "<group>"; };
		9197F62F7D288A8DDCEAC73A /* Pods-homeworksamata-homeworksamataUITests.release.xcconfig */ = {isa = PBXFileReference; includeInIndex = 1; lastKnownFileType = text.xcconfig; name = "Pods-homeworksamata-homeworksamataUITests.release.xcconfig"; path = "Target Support Files/Pods-homeworksamata-homeworksamataUITests/Pods-homeworksamata-homeworksamataUITests.release.xcconfig"; sourceTree = "<group>"; };
		9738DFA36AF55ACA7CE2097D /* Pods-homeworksamataTests.debug.xcconfig */ = {isa = PBXFileReference; includeInIndex = 1; lastKnownFileType = text.xcconfig; name = "Pods-homeworksamataTests.debug.xcconfig"; path = "Target Support Files/Pods-homeworksamataTests/Pods-homeworksamataTests.debug.xcconfig"; sourceTree = "<group>"; };
		A3F5AE68C575936159E33F48 /* Pods_homeworksamata_homeworksamataUITests.framework */ = {isa = PBXFileReference; explicitFileType = wrapper.framework; includeInIndex = 0; path = Pods_homeworksamata_homeworksamataUITests.framework; sourceTree = BUILT_PRODUCTS_DIR; };
		AB66B42077917AF7DB665177 /* Pods-homeworksamata-homeworksamataUITests.debug.xcconfig */ = {isa = PBXFileReference; includeInIndex = 1; lastKnownFileType = text.xcconfig; name = "Pods-homeworksamata-homeworksamataUITests.debug.xcconfig"; path = "Target Support Files/Pods-homeworksamata-homeworksamataUITests/Pods-homeworksamata-homeworksamataUITests.debug.xcconfig"; sourceTree = "<group>"; };
		C1FB8537127F862B8B9EA96D /* Pods-homeworksamata.release.xcconfig */ = {isa = PBXFileReference; includeInIndex = 1; lastKnownFileType = text.xcconfig; name = "Pods-homeworksamata.release.xcconfig"; path = "Target Support Files/Pods-homeworksamata/Pods-homeworksamata.release.xcconfig"; sourceTree = "<group>"; };
/* End PBXFileReference section */

/* Begin PBXFrameworksBuildPhase section */
		045336C02A00635F0058EEB5 /* Frameworks */ = {
			isa = PBXFrameworksBuildPhase;
			buildActionMask = 2147483647;
			files = (
				CA9262D2AB6A990E281F7D2B /* Pods_homeworksamata.framework in Frameworks */,
			);
			runOnlyForDeploymentPostprocessing = 0;
		};
		045336D62A0063630058EEB5 /* Frameworks */ = {
			isa = PBXFrameworksBuildPhase;
			buildActionMask = 2147483647;
			files = (
				424220CCDF8E79977C9919E5 /* Pods_homeworksamataTests.framework in Frameworks */,
			);
			runOnlyForDeploymentPostprocessing = 0;
		};
		045336E02A0063630058EEB5 /* Frameworks */ = {
			isa = PBXFrameworksBuildPhase;
			buildActionMask = 2147483647;
			files = (
				AF8705490C84E139FC867C00 /* Pods_homeworksamata_homeworksamataUITests.framework in Frameworks */,
			);
			runOnlyForDeploymentPostprocessing = 0;
		};
/* End PBXFrameworksBuildPhase section */

/* Begin PBXGroup section */
		045336BA2A00635F0058EEB5 = {
			isa = PBXGroup;
			children = (
				045336C52A00635F0058EEB5 /* homeworksamata */,
				045336DC2A0063630058EEB5 /* homeworksamataTests */,
				045336E62A0063630058EEB5 /* homeworksamataUITests */,
				045336C42A00635F0058EEB5 /* Products */,
				A64B9EE1FA337C1C6E42DD3D /* Pods */,
				24D8718C44A02AF253B98B0D /* Frameworks */,
			);
			sourceTree = "<group>";
		};
		045336C42A00635F0058EEB5 /* Products */ = {
			isa = PBXGroup;
			children = (
				045336C32A00635F0058EEB5 /* homeworksamata.app */,
				045336D92A0063630058EEB5 /* homeworksamataTests.xctest */,
				045336E32A0063630058EEB5 /* homeworksamataUITests.xctest */,
			);
			name = Products;
			sourceTree = "<group>";
		};
		045336C52A00635F0058EEB5 /* homeworksamata */ = {
			isa = PBXGroup;
			children = (
				045336C62A00635F0058EEB5 /* AppDelegate.swift */,
				045336C82A00635F0058EEB5 /* SceneDelegate.swift */,
				045336CA2A00635F0058EEB5 /* ViewController.swift */,
				045336CF2A0063630058EEB5 /* Assets.xcassets */,
				045336D12A0063630058EEB5 /* LaunchScreen.storyboard */,
				045336D42A0063630058EEB5 /* Info.plist */,
				045336F62A0146390058EEB5 /* 2view.swift */,
				045336FA2A0198F40058EEB5 /* ViewController3.swift */,
			);
			path = homeworksamata;
			sourceTree = "<group>";
		};
		045336DC2A0063630058EEB5 /* homeworksamataTests */ = {
			isa = PBXGroup;
			children = (
				045336DD2A0063630058EEB5 /* homeworksamataTests.swift */,
			);
			path = homeworksamataTests;
			sourceTree = "<group>";
		};
		045336E62A0063630058EEB5 /* homeworksamataUITests */ = {
			isa = PBXGroup;
			children = (
				045336E72A0063630058EEB5 /* homeworksamataUITests.swift */,
				045336E92A0063630058EEB5 /* homeworksamataUITestsLaunchTests.swift */,
			);
			path = homeworksamataUITests;
			sourceTree = "<group>";
		};
		24D8718C44A02AF253B98B0D /* Frameworks */ = {
			isa = PBXGroup;
			children = (
				2CECF96962F79D8316B09EE4 /* Pods_homeworksamata.framework */,
				A3F5AE68C575936159E33F48 /* Pods_homeworksamata_homeworksamataUITests.framework */,
				0DC5C9C74AE15984A8C30D1F /* Pods_homeworksamataTests.framework */,
			);
			name = Frameworks;
			sourceTree = "<group>";
		};
		A64B9EE1FA337C1C6E42DD3D /* Pods */ = {
			isa = PBXGroup;
			children = (
				4F38648390B578167636CCBB /* Pods-homeworksamata.debug.xcconfig */,
				C1FB8537127F862B8B9EA96D /* Pods-homeworksamata.release.xcconfig */,
				AB66B42077917AF7DB665177 /* Pods-homeworksamata-homeworksamataUITests.debug.xcconfig */,
				9197F62F7D288A8DDCEAC73A /* Pods-homeworksamata-homeworksamataUITests.release.xcconfig */,
				9738DFA36AF55ACA7CE2097D /* Pods-homeworksamataTests.debug.xcconfig */,
				493842C222E5349A042F6462 /* Pods-homeworksamataTests.release.xcconfig */,
			);
			path = Pods;
			sourceTree = "<group>";
		};
/* End PBXGroup section */

/* Begin PBXNativeTarget section */
		045336C22A00635F0058EEB5 /* homeworksamata */ = {
			isa = PBXNativeTarget;
			buildConfigurationList = 045336ED2A0063630058EEB5 /* Build configuration list for PBXNativeTarget "homeworksamata" */;
			buildPhases = (
				B4BDD399B32D22FD90D31050 /* [CP] Check Pods Manifest.lock */,
				045336BF2A00635F0058EEB5 /* Sources */,
				045336C02A00635F0058EEB5 /* Frameworks */,
				045336C12A00635F0058EEB5 /* Resources */,
				7C3D9A51FFFFF327F1FAFFCA /* [CP] Embed Pods Frameworks */,
			);
			buildRules = (
			);
			dependencies = (
			);
			name = homeworksamata;
			productName = homeworksamata;
			productReference = 045336C32A00635F0058EEB5 /* homeworksamata.app */;
			productType = "com.apple.product-type.application";
		};
		045336D82A0063630058EEB5 /* homeworksamataTests */ = {
			isa = PBXNativeTarget;
			buildConfigurationList = 045336F02A0063630058EEB5 /* Build configuration list for PBXNativeTarget "homeworksamataTests" */;
			buildPhases = (
				FD106E5930D11F771CE73B24 /* [CP] Check Pods Manifest.lock */,
				045336D52A0063630058EEB5 /* Sources */,
				045336D62A0063630058EEB5 /* Frameworks */,
				045336D72A0063630058EEB5 /* Resources */,
			);
			buildRules = (
			);
			dependencies = (
				045336DB2A0063630058EEB5 /* PBXTargetDependency */,
			);
			name = homeworksamataTests;
			productName = homeworksamataTests;
			productReference = 045336D92A0063630058EEB5 /* homeworksamataTests.xctest */;
			productType = "com.apple.product-type.bundle.unit-test";
		};
		045336E22A0063630058EEB5 /* homeworksamataUITests */ = {
			isa = PBXNativeTarget;
			buildConfigurationList = 045336F32A0063630058EEB5 /* Build configuration list for PBXNativeTarget "homeworksamataUITests" */;
			buildPhases = (
				1C7021A4BFE5A0B94ECEE5DC /* [CP] Check Pods Manifest.lock */,
				045336DF2A0063630058EEB5 /* Sources */,
				045336E02A0063630058EEB5 /* Frameworks */,
				045336E12A0063630058EEB5 /* Resources */,
				3BFC051BF4A090F1D482190B /* [CP] Embed Pods Frameworks */,
			);
			buildRules = (
			);
			dependencies = (
				045336E52A0063630058EEB5 /* PBXTargetDependency */,
			);
			name = homeworksamataUITests;
			productName = homeworksamataUITests;
			productReference = 045336E32A0063630058EEB5 /* homeworksamataUITests.xctest */;
			productType = "com.apple.product-type.bundle.ui-testing";
		};
/* End PBXNativeTarget section */

/* Begin PBXProject section */
		045336BB2A00635F0058EEB5 /* Project object */ = {
			isa = PBXProject;
			attributes = {
				BuildIndependentTargetsInParallel = 1;
				LastSwiftUpdateCheck = 1410;
				LastUpgradeCheck = 1410;
				TargetAttributes = {
					045336C22A00635F0058EEB5 = {
						CreatedOnToolsVersion = 14.1;
					};
					045336D82A0063630058EEB5 = {
						CreatedOnToolsVersion = 14.1;
						TestTargetID = 045336C22A00635F0058EEB5;
					};
					045336E22A0063630058EEB5 = {
						CreatedOnToolsVersion = 14.1;
						TestTargetID = 045336C22A00635F0058EEB5;
					};
				};
			};
			buildConfigurationList = 045336BE2A00635F0058EEB5 /* Build configuration list for PBXProject "homeworksamata" */;
			compatibilityVersion = "Xcode 14.0";
			developmentRegion = en;
			hasScannedForEncodings = 0;
			knownRegions = (
				en,
				Base,
			);
			mainGroup = 045336BA2A00635F0058EEB5;
			productRefGroup = 045336C42A00635F0058EEB5 /* Products */;
			projectDirPath = "";
			projectRoot = "";
			targets = (
				045336C22A00635F0058EEB5 /* homeworksamata */,
				045336D82A0063630058EEB5 /* homeworksamataTests */,
				045336E22A0063630058EEB5 /* homeworksamataUITests */,
			);
		};
/* End PBXProject section */

/* Begin PBXResourcesBuildPhase section */
		045336C12A00635F0058EEB5 /* Resources */ = {
			isa = PBXResourcesBuildPhase;
			buildActionMask = 2147483647;
			files = (
				045336D32A0063630058EEB5 /* LaunchScreen.storyboard in Resources */,
				045336D02A0063630058EEB5 /* Assets.xcassets in Resources */,
			);
			runOnlyForDeploymentPostprocessing = 0;
		};
		045336D72A0063630058EEB5 /* Resources */ = {
			isa = PBXResourcesBuildPhase;
			buildActionMask = 2147483647;
			files = (
			);
			runOnlyForDeploymentPostprocessing = 0;
		};
		045336E12A0063630058EEB5 /* Resources */ = {
			isa = PBXResourcesBuildPhase;
			buildActionMask = 2147483647;
			files = (
			);
			runOnlyForDeploymentPostprocessing = 0;
		};
/* End PBXResourcesBuildPhase section */

/* Begin PBXShellScriptBuildPhase section */
		1C7021A4BFE5A0B94ECEE5DC /* [CP] Check Pods Manifest.lock */ = {
			isa = PBXShellScriptBuildPhase;
			buildActionMask = 2147483647;
			files = (
			);
			inputFileListPaths = (
			);
			inputPaths = (
				"${PODS_PODFILE_DIR_PATH}/Podfile.lock",
				"${PODS_ROOT}/Manifest.lock",
			);
			name = "[CP] Check Pods Manifest.lock";
			outputFileListPaths = (
			);
			outputPaths = (
				"$(DERIVED_FILE_DIR)/Pods-homeworksamata-homeworksamataUITests-checkManifestLockResult.txt",
			);
			runOnlyForDeploymentPostprocessing = 0;
			shellPath = /bin/sh;
			shellScript = "diff \"${PODS_PODFILE_DIR_PATH}/Podfile.lock\" \"${PODS_ROOT}/Manifest.lock\" > /dev/null\nif [ $? != 0 ] ; then\n    # print error to STDERR\n    echo \"error: The sandbox is not in sync with the Podfile.lock. Run 'pod install' or update your CocoaPods installation.\" >&2\n    exit 1\nfi\n# This output is used by Xcode 'outputs' to avoid re-running this script phase.\necho \"SUCCESS\" > \"${SCRIPT_OUTPUT_FILE_0}\"\n";
			showEnvVarsInLog = 0;
		};
		3BFC051BF4A090F1D482190B /* [CP] Embed Pods Frameworks */ = {
			isa = PBXShellScriptBuildPhase;
			buildActionMask = 2147483647;
			files = (
			);
			inputFileListPaths = (
				"${PODS_ROOT}/Target Support Files/Pods-homeworksamata-homeworksamataUITests/Pods-homeworksamata-homeworksamataUITests-frameworks-${CONFIGURATION}-input-files.xcfilelist",
			);
			name = "[CP] Embed Pods Frameworks";
			outputFileListPaths = (
				"${PODS_ROOT}/Target Support Files/Pods-homeworksamata-homeworksamataUITests/Pods-homeworksamata-homeworksamataUITests-frameworks-${CONFIGURATION}-output-files.xcfilelist",
			);
			runOnlyForDeploymentPostprocessing = 0;
			shellPath = /bin/sh;
			shellScript = "\"${PODS_ROOT}/Target Support Files/Pods-homeworksamata-homeworksamataUITests/Pods-homeworksamata-homeworksamataUITests-frameworks.sh\"\n";
			showEnvVarsInLog = 0;
		};
		7C3D9A51FFFFF327F1FAFFCA /* [CP] Embed Pods Frameworks */ = {
			isa = PBXShellScriptBuildPhase;
			buildActionMask = 2147483647;
			files = (
			);
			inputFileListPaths = (
				"${PODS_ROOT}/Target Support Files/Pods-homeworksamata/Pods-homeworksamata-frameworks-${CONFIGURATION}-input-files.xcfilelist",
			);
			name = "[CP] Embed Pods Frameworks";
			outputFileListPaths = (
				"${PODS_ROOT}/Target Support Files/Pods-homeworksamata/Pods-homeworksamata-frameworks-${CONFIGURATION}-output-files.xcfilelist",
			);
			runOnlyForDeploymentPostprocessing = 0;
			shellPath = /bin/sh;
			shellScript = "\"${PODS_ROOT}/Target Support Files/Pods-homeworksamata/Pods-homeworksamata-frameworks.sh\"\n";
			showEnvVarsInLog = 0;
		};
		B4BDD399B32D22FD90D31050 /* [CP] Check Pods Manifest.lock */ = {
			isa = PBXShellScriptBuildPhase;
			buildActionMask = 2147483647;
			files = (
			);
			inputFileListPaths = (
			);
			inputPaths = (
				"${PODS_PODFILE_DIR_PATH}/Podfile.lock",
				"${PODS_ROOT}/Manifest.lock",
			);
			name = "[CP] Check Pods Manifest.lock";
			outputFileListPaths = (
			);
			outputPaths = (
				"$(DERIVED_FILE_DIR)/Pods-homeworksamata-checkManifestLockResult.txt",
			);
			runOnlyForDeploymentPostprocessing = 0;
			shellPath = /bin/sh;
			shellScript = "diff \"${PODS_PODFILE_DIR_PATH}/Podfile.lock\" \"${PODS_ROOT}/Manifest.lock\" > /dev/null\nif [ $? != 0 ] ; then\n    # print error to STDERR\n    echo \"error: The sandbox is not in sync with the Podfile.lock. Run 'pod install' or update your CocoaPods installation.\" >&2\n    exit 1\nfi\n# This output is used by Xcode 'outputs' to avoid re-running this script phase.\necho \"SUCCESS\" > \"${SCRIPT_OUTPUT_FILE_0}\"\n";
			showEnvVarsInLog = 0;
		};
		FD106E5930D11F771CE73B24 /* [CP] Check Pods Manifest.lock */ = {
			isa = PBXShellScriptBuildPhase;
			buildActionMask = 2147483647;
			files = (
			);
			inputFileListPaths = (
			);
			inputPaths = (
				"${PODS_PODFILE_DIR_PATH}/Podfile.lock",
				"${PODS_ROOT}/Manifest.lock",
			);
			name = "[CP] Check Pods Manifest.lock";
			outputFileListPaths = (
			);
			outputPaths = (
				"$(DERIVED_FILE_DIR)/Pods-homeworksamataTests-checkManifestLockResult.txt",
			);
			runOnlyForDeploymentPostprocessing = 0;
			shellPath = /bin/sh;
			shellScript = "diff \"${PODS_PODFILE_DIR_PATH}/Podfile.lock\" \"${PODS_ROOT}/Manifest.lock\" > /dev/null\nif [ $? != 0 ] ; then\n    # print error to STDERR\n    echo \"error: The sandbox is not in sync with the Podfile.lock. Run 'pod install' or update your CocoaPods installation.\" >&2\n    exit 1\nfi\n# This output is used by Xcode 'outputs' to avoid re-running this script phase.\necho \"SUCCESS\" > \"${SCRIPT_OUTPUT_FILE_0}\"\n";
			showEnvVarsInLog = 0;
		};
/* End PBXShellScriptBuildPhase section */

/* Begin PBXSourcesBuildPhase section */
		045336BF2A00635F0058EEB5 /* Sources */ = {
			isa = PBXSourcesBuildPhase;
			buildActionMask = 2147483647;
			files = (
				045336FB2A0198F40058EEB5 /* ViewController3.swift in Sources */,
				045336CB2A00635F0058EEB5 /* ViewController.swift in Sources */,
				045336C72A00635F0058EEB5 /* AppDelegate.swift in Sources */,
				045336C92A00635F0058EEB5 /* SceneDelegate.swift in Sources */,
				045336F72A0146390058EEB5 /* 2view.swift in Sources */,
			);
			runOnlyForDeploymentPostprocessing = 0;
		};
		045336D52A0063630058EEB5 /* Sources */ = {
			isa = PBXSourcesBuildPhase;
			buildActionMask = 2147483647;
			files = (
				045336DE2A0063630058EEB5 /* homeworksamataTests.swift in Sources */,
			);
			runOnlyForDeploymentPostprocessing = 0;
		};
		045336DF2A0063630058EEB5 /* Sources */ = {
			isa = PBXSourcesBuildPhase;
			buildActionMask = 2147483647;
			files = (
				045336E82A0063630058EEB5 /* homeworksamataUITests.swift in Sources */,
				045336EA2A0063630058EEB5 /* homeworksamataUITestsLaunchTests.swift in Sources */,
			);
			runOnlyForDeploymentPostprocessing = 0;
		};
/* End PBXSourcesBuildPhase section */

/* Begin PBXTargetDependency section */
		045336DB2A0063630058EEB5 /* PBXTargetDependency */ = {
			isa = PBXTargetDependency;
			target = 045336C22A00635F0058EEB5 /* homeworksamata */;
			targetProxy = 045336DA2A0063630058EEB5 /* PBXContainerItemProxy */;
		};
		045336E52A0063630058EEB5 /* PBXTargetDependency */ = {
			isa = PBXTargetDependency;
			target = 045336C22A00635F0058EEB5 /* homeworksamata */;
			targetProxy = 045336E42A0063630058EEB5 /* PBXContainerItemProxy */;
		};
/* End PBXTargetDependency section */

/* Begin PBXVariantGroup section */
		045336D12A0063630058EEB5 /* LaunchScreen.storyboard */ = {
			isa = PBXVariantGroup;
			children = (
				045336D22A0063630058EEB5 /* Base */,
			);
			name = LaunchScreen.storyboard;
			sourceTree = "<group>";
		};
/* End PBXVariantGroup section */

/* Begin XCBuildConfiguration section */
		045336EB2A0063630058EEB5 /* Debug */ = {
			isa = XCBuildConfiguration;
			buildSettings = {
				ALWAYS_SEARCH_USER_PATHS = NO;
				CLANG_ANALYZER_NONNULL = YES;
				CLANG_ANALYZER_NUMBER_OBJECT_CONVERSION = YES_AGGRESSIVE;
				CLANG_CXX_LANGUAGE_STANDARD = "gnu++20";
				CLANG_ENABLE_MODULES = YES;
				CLANG_ENABLE_OBJC_ARC = YES;
				CLANG_ENABLE_OBJC_WEAK = YES;
				CLANG_WARN_BLOCK_CAPTURE_AUTORELEASING = YES;
				CLANG_WARN_BOOL_CONVERSION = YES;
				CLANG_WARN_COMMA = YES;
				CLANG_WARN_CONSTANT_CONVERSION = YES;
				CLANG_WARN_DEPRECATED_OBJC_IMPLEMENTATIONS = YES;
				CLANG_WARN_DIRECT_OBJC_ISA_USAGE = YES_ERROR;
				CLANG_WARN_DOCUMENTATION_COMMENTS = YES;
				CLANG_WARN_EMPTY_BODY = YES;
				CLANG_WARN_ENUM_CONVERSION = YES;
				CLANG_WARN_INFINITE_RECURSION = YES;
				CLANG_WARN_INT_CONVERSION = YES;
				CLANG_WARN_NON_LITERAL_NULL_CONVERSION = YES;
				CLANG_WARN_OBJC_IMPLICIT_RETAIN_SELF = YES;
				CLANG_WARN_OBJC_LITERAL_CONVERSION = YES;
				CLANG_WARN_OBJC_ROOT_CLASS = YES_ERROR;
				CLANG_WARN_QUOTED_INCLUDE_IN_FRAMEWORK_HEADER = YES;
				CLANG_WARN_RANGE_LOOP_ANALYSIS = YES;
				CLANG_WARN_STRICT_PROTOTYPES = YES;
				CLANG_WARN_SUSPICIOUS_MOVE = YES;
				CLANG_WARN_UNGUARDED_AVAILABILITY = YES_AGGRESSIVE;
				CLANG_WARN_UNREACHABLE_CODE = YES;
				CLANG_WARN__DUPLICATE_METHOD_MATCH = YES;
				COPY_PHASE_STRIP = NO;
				DEBUG_INFORMATION_FORMAT = dwarf;
				ENABLE_STRICT_OBJC_MSGSEND = YES;
				ENABLE_TESTABILITY = YES;
				GCC_C_LANGUAGE_STANDARD = gnu11;
				GCC_DYNAMIC_NO_PIC = NO;
				GCC_NO_COMMON_BLOCKS = YES;
				GCC_OPTIMIZATION_LEVEL = 0;
				GCC_PREPROCESSOR_DEFINITIONS = (
					"DEBUG=1",
					"$(inherited)",
				);
				GCC_WARN_64_TO_32_BIT_CONVERSION = YES;
				GCC_WARN_ABOUT_RETURN_TYPE = YES_ERROR;
				GCC_WARN_UNDECLARED_SELECTOR = YES;
				GCC_WARN_UNINITIALIZED_AUTOS = YES_AGGRESSIVE;
				GCC_WARN_UNUSED_FUNCTION = YES;
				GCC_WARN_UNUSED_VARIABLE = YES;
				IPHONEOS_DEPLOYMENT_TARGET = 16.1;
				MTL_ENABLE_DEBUG_INFO = INCLUDE_SOURCE;
				MTL_FAST_MATH = YES;
				ONLY_ACTIVE_ARCH = YES;
				SDKROOT = iphoneos;
				SWIFT_ACTIVE_COMPILATION_CONDITIONS = DEBUG;
				SWIFT_OPTIMIZATION_LEVEL = "-Onone";
			};
			name = Debug;
		};
		045336EC2A0063630058EEB5 /* Release */ = {
			isa = XCBuildConfiguration;
			buildSettings = {
				ALWAYS_SEARCH_USER_PATHS = NO;
				CLANG_ANALYZER_NONNULL = YES;
				CLANG_ANALYZER_NUMBER_OBJECT_CONVERSION = YES_AGGRESSIVE;
				CLANG_CXX_LANGUAGE_STANDARD = "gnu++20";
				CLANG_ENABLE_MODULES = YES;
				CLANG_ENABLE_OBJC_ARC = YES;
				CLANG_ENABLE_OBJC_WEAK = YES;
				CLANG_WARN_BLOCK_CAPTURE_AUTORELEASING = YES;
				CLANG_WARN_BOOL_CONVERSION = YES;
				CLANG_WARN_COMMA = YES;
				CLANG_WARN_CONSTANT_CONVERSION = YES;
				CLANG_WARN_DEPRECATED_OBJC_IMPLEMENTATIONS = YES;
				CLANG_WARN_DIRECT_OBJC_ISA_USAGE = YES_ERROR;
				CLANG_WARN_DOCUMENTATION_COMMENTS = YES;
				CLANG_WARN_EMPTY_BODY = YES;
				CLANG_WARN_ENUM_CONVERSION = YES;
				CLANG_WARN_INFINITE_RECURSION = YES;
				CLANG_WARN_INT_CONVERSION = YES;
				CLANG_WARN_NON_LITERAL_NULL_CONVERSION = YES;
				CLANG_WARN_OBJC_IMPLICIT_RETAIN_SELF = YES;
				CLANG_WARN_OBJC_LITERAL_CONVERSION = YES;
				CLANG_WARN_OBJC_ROOT_CLASS = YES_ERROR;
				CLANG_WARN_QUOTED_INCLUDE_IN_FRAMEWORK_HEADER = YES;
				CLANG_WARN_RANGE_LOOP_ANALYSIS = YES;
				CLANG_WARN_STRICT_PROTOTYPES = YES;
				CLANG_WARN_SUSPICIOUS_MOVE = YES;
				CLANG_WARN_UNGUARDED_AVAILABILITY = YES_AGGRESSIVE;
				CLANG_WARN_UNREACHABLE_CODE = YES;
				CLANG_WARN__DUPLICATE_METHOD_MATCH = YES;
				COPY_PHASE_STRIP = NO;
				DEBUG_INFORMATION_FORMAT = "dwarf-with-dsym";
				ENABLE_NS_ASSERTIONS = NO;
				ENABLE_STRICT_OBJC_MSGSEND = YES;
				GCC_C_LANGUAGE_STANDARD = gnu11;
				GCC_NO_COMMON_BLOCKS = YES;
				GCC_WARN_64_TO_32_BIT_CONVERSION = YES;
				GCC_WARN_ABOUT_RETURN_TYPE = YES_ERROR;
				GCC_WARN_UNDECLARED_SELECTOR = YES;
				GCC_WARN_UNINITIALIZED_AUTOS = YES_AGGRESSIVE;
				GCC_WARN_UNUSED_FUNCTION = YES;
				GCC_WARN_UNUSED_VARIABLE = YES;
				IPHONEOS_DEPLOYMENT_TARGET = 16.1;
				MTL_ENABLE_DEBUG_INFO = NO;
				MTL_FAST_MATH = YES;
				SDKROOT = iphoneos;
				SWIFT_COMPILATION_MODE = wholemodule;
				SWIFT_OPTIMIZATION_LEVEL = "-O";
				VALIDATE_PRODUCT = YES;
			};
			name = Release;
		};
		045336EE2A0063630058EEB5 /* Debug */ = {
			isa = XCBuildConfiguration;
			baseConfigurationReference = 4F38648390B578167636CCBB /* Pods-homeworksamata.debug.xcconfig */;
			buildSettings = {
				ASSETCATALOG_COMPILER_APPICON_NAME = AppIcon;
				ASSETCATALOG_COMPILER_GLOBAL_ACCENT_COLOR_NAME = AccentColor;
				CODE_SIGN_STYLE = Automatic;
				CURRENT_PROJECT_VERSION = 1;
				DEVELOPMENT_TEAM = TU4A85R5R3;
				GENERATE_INFOPLIST_FILE = YES;
				INFOPLIST_FILE = homeworksamata/Info.plist;
				INFOPLIST_KEY_UIApplicationSupportsIndirectInputEvents = YES;
				INFOPLIST_KEY_UILaunchStoryboardName = LaunchScreen;
				INFOPLIST_KEY_UISupportedInterfaceOrientations_iPad = "UIInterfaceOrientationPortrait UIInterfaceOrientationPortraitUpsideDown UIInterfaceOrientationLandscapeLeft UIInterfaceOrientationLandscapeRight";
				INFOPLIST_KEY_UISupportedInterfaceOrientations_iPhone = "UIInterfaceOrientationPortrait UIInterfaceOrientationLandscapeLeft UIInterfaceOrientationLandscapeRight";
				LD_RUNPATH_SEARCH_PATHS = (
					"$(inherited)",
					"@executable_path/Frameworks",
				);
				MARKETING_VERSION = 1.0;
				PRODUCT_BUNDLE_IDENTIFIER = mark2.homeworksamata;
				PRODUCT_NAME = "$(TARGET_NAME)";
				SWIFT_EMIT_LOC_STRINGS = YES;
				SWIFT_VERSION = 5.0;
				TARGETED_DEVICE_FAMILY = "1,2";
			};
			name = Debug;
		};
		045336EF2A0063630058EEB5 /* Release */ = {
			isa = XCBuildConfiguration;
			baseConfigurationReference = C1FB8537127F862B8B9EA96D /* Pods-homeworksamata.release.xcconfig */;
			buildSettings = {
				ASSETCATALOG_COMPILER_APPICON_NAME = AppIcon;
				ASSETCATALOG_COMPILER_GLOBAL_ACCENT_COLOR_NAME = AccentColor;
				CODE_SIGN_STYLE = Automatic;
				CURRENT_PROJECT_VERSION = 1;
				DEVELOPMENT_TEAM = TU4A85R5R3;
				GENERATE_INFOPLIST_FILE = YES;
				INFOPLIST_FILE = homeworksamata/Info.plist;
				INFOPLIST_KEY_UIApplicationSupportsIndirectInputEvents = YES;
				INFOPLIST_KEY_UILaunchStoryboardName = LaunchScreen;
				INFOPLIST_KEY_UISupportedInterfaceOrientations_iPad = "UIInterfaceOrientationPortrait UIInterfaceOrientationPortraitUpsideDown UIInterfaceOrientationLandscapeLeft UIInterfaceOrientationLandscapeRight";
				INFOPLIST_KEY_UISupportedInterfaceOrientations_iPhone = "UIInterfaceOrientationPortrait UIInterfaceOrientationLandscapeLeft UIInterfaceOrientationLandscapeRight";
				LD_RUNPATH_SEARCH_PATHS = (
					"$(inherited)",
					"@executable_path/Frameworks",
				);
				MARKETING_VERSION = 1.0;
				PRODUCT_BUNDLE_IDENTIFIER = mark2.homeworksamata;
				PRODUCT_NAME = "$(TARGET_NAME)";
				SWIFT_EMIT_LOC_STRINGS = YES;
				SWIFT_VERSION = 5.0;
				TARGETED_DEVICE_FAMILY = "1,2";
			};
			name = Release;
		};
		045336F12A0063630058EEB5 /* Debug */ = {
			isa = XCBuildConfiguration;
			baseConfigurationReference = 9738DFA36AF55ACA7CE2097D /* Pods-homeworksamataTests.debug.xcconfig */;
			buildSettings = {
				ALWAYS_EMBED_SWIFT_STANDARD_LIBRARIES = YES;
				BUNDLE_LOADER = "$(TEST_HOST)";
				CODE_SIGN_STYLE = Automatic;
				CURRENT_PROJECT_VERSION = 1;
				DEVELOPMENT_TEAM = TU4A85R5R3;
				GENERATE_INFOPLIST_FILE = YES;
				IPHONEOS_DEPLOYMENT_TARGET = 16.1;
				MARKETING_VERSION = 1.0;
				PRODUCT_BUNDLE_IDENTIFIER = mark2.homeworksamataTests;
				PRODUCT_NAME = "$(TARGET_NAME)";
				SWIFT_EMIT_LOC_STRINGS = NO;
				SWIFT_VERSION = 5.0;
				TARGETED_DEVICE_FAMILY = "1,2";
				TEST_HOST = "$(BUILT_PRODUCTS_DIR)/homeworksamata.app/$(BUNDLE_EXECUTABLE_FOLDER_PATH)/homeworksamata";
			};
			name = Debug;
		};
		045336F22A0063630058EEB5 /* Release */ = {
			isa = XCBuildConfiguration;
			baseConfigurationReference = 493842C222E5349A042F6462 /* Pods-homeworksamataTests.release.xcconfig */;
			buildSettings = {
				ALWAYS_EMBED_SWIFT_STANDARD_LIBRARIES = YES;
				BUNDLE_LOADER = "$(TEST_HOST)";
				CODE_SIGN_STYLE = Automatic;
				CURRENT_PROJECT_VERSION = 1;
				DEVELOPMENT_TEAM = TU4A85R5R3;
				GENERATE_INFOPLIST_FILE = YES;
				IPHONEOS_DEPLOYMENT_TARGET = 16.1;
				MARKETING_VERSION = 1.0;
				PRODUCT_BUNDLE_IDENTIFIER = mark2.homeworksamataTests;
				PRODUCT_NAME = "$(TARGET_NAME)";
				SWIFT_EMIT_LOC_STRINGS = NO;
				SWIFT_VERSION = 5.0;
				TARGETED_DEVICE_FAMILY = "1,2";
				TEST_HOST = "$(BUILT_PRODUCTS_DIR)/homeworksamata.app/$(BUNDLE_EXECUTABLE_FOLDER_PATH)/homeworksamata";
			};
			name = Release;
		};
		045336F42A0063630058EEB5 /* Debug */ = {
			isa = XCBuildConfiguration;
			baseConfigurationReference = AB66B42077917AF7DB665177 /* Pods-homeworksamata-homeworksamataUITests.debug.xcconfig */;
			buildSettings = {
				ALWAYS_EMBED_SWIFT_STANDARD_LIBRARIES = YES;
				CODE_SIGN_STYLE = Automatic;
				CURRENT_PROJECT_VERSION = 1;
				DEVELOPMENT_TEAM = TU4A85R5R3;
				GENERATE_INFOPLIST_FILE = YES;
				MARKETING_VERSION = 1.0;
				PRODUCT_BUNDLE_IDENTIFIER = mark2.homeworksamataUITests;
				PRODUCT_NAME = "$(TARGET_NAME)";
				SWIFT_EMIT_LOC_STRINGS = NO;
				SWIFT_VERSION = 5.0;
				TARGETED_DEVICE_FAMILY = "1,2";
				TEST_TARGET_NAME = homeworksamata;
			};
			name = Debug;
		};
		045336F52A0063630058EEB5 /* Release */ = {
			isa = XCBuildConfiguration;
			baseConfigurationReference = 9197F62F7D288A8DDCEAC73A /* Pods-homeworksamata-homeworksamataUITests.release.xcconfig */;
			buildSettings = {
				ALWAYS_EMBED_SWIFT_STANDARD_LIBRARIES = YES;
				CODE_SIGN_STYLE = Automatic;
				CURRENT_PROJECT_VERSION = 1;
				DEVELOPMENT_TEAM = TU4A85R5R3;
				GENERATE_INFOPLIST_FILE = YES;
				MARKETING_VERSION = 1.0;
				PRODUCT_BUNDLE_IDENTIFIER = mark2.homeworksamataUITests;
				PRODUCT_NAME = "$(TARGET_NAME)";
				SWIFT_EMIT_LOC_STRINGS = NO;
				SWIFT_VERSION = 5.0;
				TARGETED_DEVICE_FAMILY = "1,2";
				TEST_TARGET_NAME = homeworksamata;
			};
			name = Release;
		};
/* End XCBuildConfiguration section */

/* Begin XCConfigurationList section */
		045336BE2A00635F0058EEB5 /* Build configuration list for PBXProject "homeworksamata" */ = {
			isa = XCConfigurationList;
			buildConfigurations = (
				045336EB2A0063630058EEB5 /* Debug */,
				045336EC2A0063630058EEB5 /* Release */,
			);
			defaultConfigurationIsVisible = 0;
			defaultConfigurationName = Release;
		};
		045336ED2A0063630058EEB5 /* Build configuration list for PBXNativeTarget "homeworksamata" */ = {
			isa = XCConfigurationList;
			buildConfigurations = (
				045336EE2A0063630058EEB5 /* Debug */,
				045336EF2A0063630058EEB5 /* Release */,
			);
			defaultConfigurationIsVisible = 0;
			defaultConfigurationName = Release;
		};
		045336F02A0063630058EEB5 /* Build configuration list for PBXNativeTarget "homeworksamataTests" */ = {
			isa = XCConfigurationList;
			buildConfigurations = (
				045336F12A0063630058EEB5 /* Debug */,
				045336F22A0063630058EEB5 /* Release */,
			);
			defaultConfigurationIsVisible = 0;
			defaultConfigurationName = Release;
		};
		045336F32A0063630058EEB5 /* Build configuration list for PBXNativeTarget "homeworksamataUITests" */ = {
			isa = XCConfigurationList;
			buildConfigurations = (
				045336F42A0063630058EEB5 /* Debug */,
				045336F52A0063630058EEB5 /* Release */,
			);
			defaultConfigurationIsVisible = 0;
			defaultConfigurationName = Release;
		};
/* End XCConfigurationList section */
	};
	rootObject = 045336BB2A00635F0058EEB5 /* Project object */;
}
